// !$*UTF8*$!
{
	archiveVersion = 1;
	classes = {
	};
	objectVersion = 46;
	objects = {

/* Begin PBXBuildFile section */
		6A4E25A2165C443F00E727B1 /* UIKit.framework in Frameworks */ = {isa = PBXBuildFile; fileRef = 6A4E25A1165C443F00E727B1 /* UIKit.framework */; };
		6A4E25A4165C443F00E727B1 /* Foundation.framework in Frameworks */ = {isa = PBXBuildFile; fileRef = 6A4E25A3165C443F00E727B1 /* Foundation.framework */; };
		6A4E25A6165C443F00E727B1 /* CoreGraphics.framework in Frameworks */ = {isa = PBXBuildFile; fileRef = 6A4E25A5165C443F00E727B1 /* CoreGraphics.framework */; };
		6A4E25AC165C443F00E727B1 /* InfoPlist.strings in Resources */ = {isa = PBXBuildFile; fileRef = 6A4E25AA165C443F00E727B1 /* InfoPlist.strings */; };
		6A4E25AE165C443F00E727B1 /* main.m in Sources */ = {isa = PBXBuildFile; fileRef = 6A4E25AD165C443F00E727B1 /* main.m */; };
		6A4E25B2165C443F00E727B1 /* KAAppDelegate.m in Sources */ = {isa = PBXBuildFile; fileRef = 6A4E25B1165C443F00E727B1 /* KAAppDelegate.m */; };
		6A4E25B4165C443F00E727B1 /* Default.png in Resources */ = {isa = PBXBuildFile; fileRef = 6A4E25B3165C443F00E727B1 /* Default.png */; };
		6A4E25B6165C443F00E727B1 /* Default@2x.png in Resources */ = {isa = PBXBuildFile; fileRef = 6A4E25B5165C443F00E727B1 /* Default@2x.png */; };
		6A4E25B8165C443F00E727B1 /* Default-568h@2x.png in Resources */ = {isa = PBXBuildFile; fileRef = 6A4E25B7165C443F00E727B1 /* Default-568h@2x.png */; };
		6A4E25BF165C446700E727B1 /* MainStoryboard.storyboard in Resources */ = {isa = PBXBuildFile; fileRef = 6A4E25BE165C446700E727B1 /* MainStoryboard.storyboard */; };
		6A4E25C6165C450600E727B1 /* ShareViewController.m in Sources */ = {isa = PBXBuildFile; fileRef = 6A4E25C5165C450600E727B1 /* ShareViewController.m */; };
		6A4E25C9165C454500E727B1 /* KAProfileNavigationController.m in Sources */ = {isa = PBXBuildFile; fileRef = 6A4E25C8165C454500E727B1 /* KAProfileNavigationController.m */; };
		6A4E25CC165C456600E727B1 /* KAFeedNavigationController.m in Sources */ = {isa = PBXBuildFile; fileRef = 6A4E25CB165C456600E727B1 /* KAFeedNavigationController.m */; };
		6A4E25D5165C7B9500E727B1 /* KAMainNavigationBar.m in Sources */ = {isa = PBXBuildFile; fileRef = 6A4E25D4165C7B9500E727B1 /* KAMainNavigationBar.m */; };
		6A4E25D8165C7C9800E727B1 /* KAFeedTableViewController.m in Sources */ = {isa = PBXBuildFile; fileRef = 6A4E25D7165C7C9800E727B1 /* KAFeedTableViewController.m */; };
		6A4E25DC165C7D7700E727B1 /* KAMealViewController.m in Sources */ = {isa = PBXBuildFile; fileRef = 6A4E25DB165C7D7700E727B1 /* KAMealViewController.m */; };
		6A4E25E3165C827600E727B1 /* Icon.png in Resources */ = {isa = PBXBuildFile; fileRef = 6A4E25DD165C827600E727B1 /* Icon.png */; };
		6A4E25E4165C827600E727B1 /* Icon@2x.png in Resources */ = {isa = PBXBuildFile; fileRef = 6A4E25DE165C827600E727B1 /* Icon@2x.png */; };
		6A4E25E5165C827600E727B1 /* nav-backbutton.png in Resources */ = {isa = PBXBuildFile; fileRef = 6A4E25DF165C827600E727B1 /* nav-backbutton.png */; };
		6A4E25E6165C827600E727B1 /* nav-backbutton@2x.png in Resources */ = {isa = PBXBuildFile; fileRef = 6A4E25E0165C827600E727B1 /* nav-backbutton@2x.png */; };
		6A4E25E7165C827600E727B1 /* navigationbar.png in Resources */ = {isa = PBXBuildFile; fileRef = 6A4E25E1165C827600E727B1 /* navigationbar.png */; };
		6A4E25E8165C827600E727B1 /* navigationbar@2x.png in Resources */ = {isa = PBXBuildFile; fileRef = 6A4E25E2165C827600E727B1 /* navigationbar@2x.png */; };
		6A4E25ED165C847F00E727B1 /* tabbar-background-pressed.png in Resources */ = {isa = PBXBuildFile; fileRef = 6A4E25E9165C847F00E727B1 /* tabbar-background-pressed.png */; };
		6A4E25EE165C847F00E727B1 /* tabbar-background-pressed@2x.png in Resources */ = {isa = PBXBuildFile; fileRef = 6A4E25EA165C847F00E727B1 /* tabbar-background-pressed@2x.png */; };
		6A4E25EF165C847F00E727B1 /* tabbar-background.png in Resources */ = {isa = PBXBuildFile; fileRef = 6A4E25EB165C847F00E727B1 /* tabbar-background.png */; };
		6A4E25F0165C847F00E727B1 /* tabbar-background@2x.png in Resources */ = {isa = PBXBuildFile; fileRef = 6A4E25EC165C847F00E727B1 /* tabbar-background@2x.png */; };
		6A4E25F3165C84B200E727B1 /* KATabBar.m in Sources */ = {isa = PBXBuildFile; fileRef = 6A4E25F2165C84B200E727B1 /* KATabBar.m */; };
		6A4E25FC165C89A700E727B1 /* tabbar-global-selected.png in Resources */ = {isa = PBXBuildFile; fileRef = 6A4E25F4165C89A700E727B1 /* tabbar-global-selected.png */; };
		6A4E25FD165C89A700E727B1 /* tabbar-global-selected@2x.png in Resources */ = {isa = PBXBuildFile; fileRef = 6A4E25F5165C89A700E727B1 /* tabbar-global-selected@2x.png */; };
		6A4E25FE165C89A700E727B1 /* tabbar-global.png in Resources */ = {isa = PBXBuildFile; fileRef = 6A4E25F6165C89A700E727B1 /* tabbar-global.png */; };
		6A4E25FF165C89A700E727B1 /* tabbar-global@2x.png in Resources */ = {isa = PBXBuildFile; fileRef = 6A4E25F7165C89A700E727B1 /* tabbar-global@2x.png */; };
		6A4E2600165C89A700E727B1 /* tabbar-profile-selected.png in Resources */ = {isa = PBXBuildFile; fileRef = 6A4E25F8165C89A700E727B1 /* tabbar-profile-selected.png */; };
		6A4E2601165C89A700E727B1 /* tabbar-profile-selected@2x.png in Resources */ = {isa = PBXBuildFile; fileRef = 6A4E25F9165C89A700E727B1 /* tabbar-profile-selected@2x.png */; };
		6A4E2602165C89A700E727B1 /* tabbar-profile.png in Resources */ = {isa = PBXBuildFile; fileRef = 6A4E25FA165C89A700E727B1 /* tabbar-profile.png */; };
		6A4E2603165C89A700E727B1 /* tabbar-profile@2x.png in Resources */ = {isa = PBXBuildFile; fileRef = 6A4E25FB165C89A700E727B1 /* tabbar-profile@2x.png */; };
		6A4E2607165C8DD900E727B1 /* KAShareNavigationController.m in Sources */ = {isa = PBXBuildFile; fileRef = 6A4E2606165C8DD900E727B1 /* KAShareNavigationController.m */; };
		6A4E261C165D58A900E727B1 /* AFHTTPClient.m in Sources */ = {isa = PBXBuildFile; fileRef = 6A4E260A165D58A900E727B1 /* AFHTTPClient.m */; };
		6A4E261D165D58A900E727B1 /* AFHTTPRequestOperation.m in Sources */ = {isa = PBXBuildFile; fileRef = 6A4E260C165D58A900E727B1 /* AFHTTPRequestOperation.m */; };
		6A4E261E165D58A900E727B1 /* AFImageRequestOperation.m in Sources */ = {isa = PBXBuildFile; fileRef = 6A4E260E165D58A900E727B1 /* AFImageRequestOperation.m */; };
		6A4E261F165D58A900E727B1 /* AFJSONRequestOperation.m in Sources */ = {isa = PBXBuildFile; fileRef = 6A4E2610165D58A900E727B1 /* AFJSONRequestOperation.m */; };
		6A4E2620165D58A900E727B1 /* AFNetworkActivityIndicatorManager.m in Sources */ = {isa = PBXBuildFile; fileRef = 6A4E2612165D58A900E727B1 /* AFNetworkActivityIndicatorManager.m */; };
		6A4E2621165D58A900E727B1 /* AFPropertyListRequestOperation.m in Sources */ = {isa = PBXBuildFile; fileRef = 6A4E2615165D58A900E727B1 /* AFPropertyListRequestOperation.m */; };
		6A4E2622165D58A900E727B1 /* AFURLConnectionOperation.m in Sources */ = {isa = PBXBuildFile; fileRef = 6A4E2617165D58A900E727B1 /* AFURLConnectionOperation.m */; };
		6A4E2623165D58A900E727B1 /* AFXMLRequestOperation.m in Sources */ = {isa = PBXBuildFile; fileRef = 6A4E2619165D58A900E727B1 /* AFXMLRequestOperation.m */; };
		6A4E2624165D58A900E727B1 /* UIImageView+AFNetworking.m in Sources */ = {isa = PBXBuildFile; fileRef = 6A4E261B165D58A900E727B1 /* UIImageView+AFNetworking.m */; };
		6A4E2628165D63B500E727B1 /* MBProgressHUD.m in Sources */ = {isa = PBXBuildFile; fileRef = 6A4E2626165D628000E727B1 /* MBProgressHUD.m */; };
		6A4E262B165D646F00E727B1 /* KAMeal.m in Sources */ = {isa = PBXBuildFile; fileRef = 6A4E262A165D646F00E727B1 /* KAMeal.m */; };
		6AF51623166068260083C3F9 /* KAProfileViewController.m in Sources */ = {isa = PBXBuildFile; fileRef = 6AF51622166068260083C3F9 /* KAProfileViewController.m */; };
		6AFE2C0E165E7EF700BB64A6 /* SSPullToRefreshDefaultContentView.m in Sources */ = {isa = PBXBuildFile; fileRef = 6AFE2C09165E7EF700BB64A6 /* SSPullToRefreshDefaultContentView.m */; };
		6AFE2C0F165E7EF700BB64A6 /* SSPullToRefreshSimpleContentView.m in Sources */ = {isa = PBXBuildFile; fileRef = 6AFE2C0B165E7EF700BB64A6 /* SSPullToRefreshSimpleContentView.m */; };
		6AFE2C10165E7EF700BB64A6 /* SSPullToRefreshView.m in Sources */ = {isa = PBXBuildFile; fileRef = 6AFE2C0D165E7EF700BB64A6 /* SSPullToRefreshView.m */; };
		6AFE2C141660130C00BB64A6 /* KALoginViewController.m in Sources */ = {isa = PBXBuildFile; fileRef = 6AFE2C131660130C00BB64A6 /* KALoginViewController.m */; };
		6AFE2C1B1660446A00BB64A6 /* SSKeychain.m in Sources */ = {isa = PBXBuildFile; fileRef = 6AFE2C191660446A00BB64A6 /* SSKeychain.m */; };
		6AFE2C1E166044B600BB64A6 /* KACredentialStore.m in Sources */ = {isa = PBXBuildFile; fileRef = 6AFE2C1D166044B600BB64A6 /* KACredentialStore.m */; };
		6AFE2C211660474300BB64A6 /* AuthAPIClient.m in Sources */ = {isa = PBXBuildFile; fileRef = 6AFE2C201660474300BB64A6 /* AuthAPIClient.m */; };
		6AFE2C231660538500BB64A6 /* Security.framework in Frameworks */ = {isa = PBXBuildFile; fileRef = 6AFE2C221660538500BB64A6 /* Security.framework */; };
/* End PBXBuildFile section */

/* Begin PBXFileReference section */
		6A4E259D165C443F00E727B1 /* Kale.app */ = {isa = PBXFileReference; explicitFileType = wrapper.application; includeInIndex = 0; path = Kale.app; sourceTree = BUILT_PRODUCTS_DIR; };
		6A4E25A1165C443F00E727B1 /* UIKit.framework */ = {isa = PBXFileReference; lastKnownFileType = wrapper.framework; name = UIKit.framework; path = System/Library/Frameworks/UIKit.framework; sourceTree = SDKROOT; };
		6A4E25A3165C443F00E727B1 /* Foundation.framework */ = {isa = PBXFileReference; lastKnownFileType = wrapper.framework; name = Foundation.framework; path = System/Library/Frameworks/Foundation.framework; sourceTree = SDKROOT; };
		6A4E25A5165C443F00E727B1 /* CoreGraphics.framework */ = {isa = PBXFileReference; lastKnownFileType = wrapper.framework; name = CoreGraphics.framework; path = System/Library/Frameworks/CoreGraphics.framework; sourceTree = SDKROOT; };
		6A4E25A9165C443F00E727B1 /* Kale-Info.plist */ = {isa = PBXFileReference; lastKnownFileType = text.plist.xml; path = "Kale-Info.plist"; sourceTree = "<group>"; };
		6A4E25AB165C443F00E727B1 /* en */ = {isa = PBXFileReference; lastKnownFileType = text.plist.strings; name = en; path = en.lproj/InfoPlist.strings; sourceTree = "<group>"; };
		6A4E25AD165C443F00E727B1 /* main.m */ = {isa = PBXFileReference; lastKnownFileType = sourcecode.c.objc; path = main.m; sourceTree = "<group>"; };
		6A4E25AF165C443F00E727B1 /* Kale-Prefix.pch */ = {isa = PBXFileReference; lastKnownFileType = sourcecode.c.h; path = "Kale-Prefix.pch"; sourceTree = "<group>"; };
		6A4E25B0165C443F00E727B1 /* KAAppDelegate.h */ = {isa = PBXFileReference; lastKnownFileType = sourcecode.c.h; path = KAAppDelegate.h; sourceTree = "<group>"; };
		6A4E25B1165C443F00E727B1 /* KAAppDelegate.m */ = {isa = PBXFileReference; lastKnownFileType = sourcecode.c.objc; path = KAAppDelegate.m; sourceTree = "<group>"; };
		6A4E25B3165C443F00E727B1 /* Default.png */ = {isa = PBXFileReference; lastKnownFileType = image.png; path = Default.png; sourceTree = "<group>"; };
		6A4E25B5165C443F00E727B1 /* Default@2x.png */ = {isa = PBXFileReference; lastKnownFileType = image.png; path = "Default@2x.png"; sourceTree = "<group>"; };
		6A4E25B7165C443F00E727B1 /* Default-568h@2x.png */ = {isa = PBXFileReference; lastKnownFileType = image.png; path = "Default-568h@2x.png"; sourceTree = "<group>"; };
		6A4E25BE165C446700E727B1 /* MainStoryboard.storyboard */ = {isa = PBXFileReference; fileEncoding = 4; lastKnownFileType = file.storyboard; name = MainStoryboard.storyboard; path = ../MainStoryboard.storyboard; sourceTree = "<group>"; };
		6A4E25C4165C450600E727B1 /* ShareViewController.h */ = {isa = PBXFileReference; fileEncoding = 4; lastKnownFileType = sourcecode.c.h; name = ShareViewController.h; path = Source/ShareViewController.h; sourceTree = "<group>"; };
		6A4E25C5165C450600E727B1 /* ShareViewController.m */ = {isa = PBXFileReference; fileEncoding = 4; lastKnownFileType = sourcecode.c.objc; name = ShareViewController.m; path = Source/ShareViewController.m; sourceTree = "<group>"; };
		6A4E25C7165C454500E727B1 /* KAProfileNavigationController.h */ = {isa = PBXFileReference; fileEncoding = 4; lastKnownFileType = sourcecode.c.h; name = KAProfileNavigationController.h; path = ../Source/KAProfileNavigationController.h; sourceTree = "<group>"; };
		6A4E25C8165C454500E727B1 /* KAProfileNavigationController.m */ = {isa = PBXFileReference; fileEncoding = 4; lastKnownFileType = sourcecode.c.objc; name = KAProfileNavigationController.m; path = ../Source/KAProfileNavigationController.m; sourceTree = "<group>"; };
		6A4E25CA165C456600E727B1 /* KAFeedNavigationController.h */ = {isa = PBXFileReference; fileEncoding = 4; lastKnownFileType = sourcecode.c.h; name = KAFeedNavigationController.h; path = Source/KAFeedNavigationController.h; sourceTree = "<group>"; };
		6A4E25CB165C456600E727B1 /* KAFeedNavigationController.m */ = {isa = PBXFileReference; fileEncoding = 4; lastKnownFileType = sourcecode.c.objc; name = KAFeedNavigationController.m; path = Source/KAFeedNavigationController.m; sourceTree = "<group>"; };
		6A4E25D3165C7B9500E727B1 /* KAMainNavigationBar.h */ = {isa = PBXFileReference; fileEncoding = 4; lastKnownFileType = sourcecode.c.h; name = KAMainNavigationBar.h; path = Source/KAMainNavigationBar.h; sourceTree = SOURCE_ROOT; };
		6A4E25D4165C7B9500E727B1 /* KAMainNavigationBar.m */ = {isa = PBXFileReference; fileEncoding = 4; lastKnownFileType = sourcecode.c.objc; name = KAMainNavigationBar.m; path = Source/KAMainNavigationBar.m; sourceTree = SOURCE_ROOT; };
		6A4E25D6165C7C9800E727B1 /* KAFeedTableViewController.h */ = {isa = PBXFileReference; fileEncoding = 4; lastKnownFileType = sourcecode.c.h; name = KAFeedTableViewController.h; path = Source/KAFeedTableViewController.h; sourceTree = "<group>"; };
		6A4E25D7165C7C9800E727B1 /* KAFeedTableViewController.m */ = {isa = PBXFileReference; fileEncoding = 4; lastKnownFileType = sourcecode.c.objc; name = KAFeedTableViewController.m; path = Source/KAFeedTableViewController.m; sourceTree = "<group>"; };
		6A4E25DA165C7D7700E727B1 /* KAMealViewController.h */ = {isa = PBXFileReference; fileEncoding = 4; lastKnownFileType = sourcecode.c.h; path = KAMealViewController.h; sourceTree = "<group>"; };
		6A4E25DB165C7D7700E727B1 /* KAMealViewController.m */ = {isa = PBXFileReference; fileEncoding = 4; lastKnownFileType = sourcecode.c.objc; path = KAMealViewController.m; sourceTree = "<group>"; };
		6A4E25DD165C827600E727B1 /* Icon.png */ = {isa = PBXFileReference; lastKnownFileType = image.png; name = Icon.png; path = Resources/Icon.png; sourceTree = SOURCE_ROOT; };
		6A4E25DE165C827600E727B1 /* Icon@2x.png */ = {isa = PBXFileReference; lastKnownFileType = image.png; name = "Icon@2x.png"; path = "Resources/Icon@2x.png"; sourceTree = SOURCE_ROOT; };
		6A4E25DF165C827600E727B1 /* nav-backbutton.png */ = {isa = PBXFileReference; lastKnownFileType = image.png; name = "nav-backbutton.png"; path = "Resources/nav-backbutton.png"; sourceTree = SOURCE_ROOT; };
		6A4E25E0165C827600E727B1 /* nav-backbutton@2x.png */ = {isa = PBXFileReference; lastKnownFileType = image.png; name = "nav-backbutton@2x.png"; path = "Resources/nav-backbutton@2x.png"; sourceTree = SOURCE_ROOT; };
		6A4E25E1165C827600E727B1 /* navigationbar.png */ = {isa = PBXFileReference; lastKnownFileType = image.png; name = navigationbar.png; path = Resources/navigationbar.png; sourceTree = SOURCE_ROOT; };
		6A4E25E2165C827600E727B1 /* navigationbar@2x.png */ = {isa = PBXFileReference; lastKnownFileType = image.png; name = "navigationbar@2x.png"; path = "Resources/navigationbar@2x.png"; sourceTree = SOURCE_ROOT; };
		6A4E25E9165C847F00E727B1 /* tabbar-background-pressed.png */ = {isa = PBXFileReference; lastKnownFileType = image.png; path = "tabbar-background-pressed.png"; sourceTree = "<group>"; };
		6A4E25EA165C847F00E727B1 /* tabbar-background-pressed@2x.png */ = {isa = PBXFileReference; lastKnownFileType = image.png; path = "tabbar-background-pressed@2x.png"; sourceTree = "<group>"; };
		6A4E25EB165C847F00E727B1 /* tabbar-background.png */ = {isa = PBXFileReference; lastKnownFileType = image.png; path = "tabbar-background.png"; sourceTree = "<group>"; };
		6A4E25EC165C847F00E727B1 /* tabbar-background@2x.png */ = {isa = PBXFileReference; lastKnownFileType = image.png; path = "tabbar-background@2x.png"; sourceTree = "<group>"; };
		6A4E25F1165C84B200E727B1 /* KATabBar.h */ = {isa = PBXFileReference; fileEncoding = 4; lastKnownFileType = sourcecode.c.h; name = KATabBar.h; path = Source/KATabBar.h; sourceTree = SOURCE_ROOT; };
		6A4E25F2165C84B200E727B1 /* KATabBar.m */ = {isa = PBXFileReference; fileEncoding = 4; lastKnownFileType = sourcecode.c.objc; name = KATabBar.m; path = Source/KATabBar.m; sourceTree = SOURCE_ROOT; };
		6A4E25F4165C89A700E727B1 /* tabbar-global-selected.png */ = {isa = PBXFileReference; lastKnownFileType = image.png; name = "tabbar-global-selected.png"; path = "Resources/tabbar-global-selected.png"; sourceTree = SOURCE_ROOT; };
		6A4E25F5165C89A700E727B1 /* tabbar-global-selected@2x.png */ = {isa = PBXFileReference; lastKnownFileType = image.png; name = "tabbar-global-selected@2x.png"; path = "Resources/tabbar-global-selected@2x.png"; sourceTree = SOURCE_ROOT; };
		6A4E25F6165C89A700E727B1 /* tabbar-global.png */ = {isa = PBXFileReference; lastKnownFileType = image.png; name = "tabbar-global.png"; path = "Resources/tabbar-global.png"; sourceTree = SOURCE_ROOT; };
		6A4E25F7165C89A700E727B1 /* tabbar-global@2x.png */ = {isa = PBXFileReference; lastKnownFileType = image.png; name = "tabbar-global@2x.png"; path = "Resources/tabbar-global@2x.png"; sourceTree = SOURCE_ROOT; };
		6A4E25F8165C89A700E727B1 /* tabbar-profile-selected.png */ = {isa = PBXFileReference; lastKnownFileType = image.png; name = "tabbar-profile-selected.png"; path = "Resources/tabbar-profile-selected.png"; sourceTree = SOURCE_ROOT; };
		6A4E25F9165C89A700E727B1 /* tabbar-profile-selected@2x.png */ = {isa = PBXFileReference; lastKnownFileType = image.png; name = "tabbar-profile-selected@2x.png"; path = "Resources/tabbar-profile-selected@2x.png"; sourceTree = SOURCE_ROOT; };
		6A4E25FA165C89A700E727B1 /* tabbar-profile.png */ = {isa = PBXFileReference; lastKnownFileType = image.png; name = "tabbar-profile.png"; path = "Resources/tabbar-profile.png"; sourceTree = SOURCE_ROOT; };
		6A4E25FB165C89A700E727B1 /* tabbar-profile@2x.png */ = {isa = PBXFileReference; lastKnownFileType = image.png; name = "tabbar-profile@2x.png"; path = "Resources/tabbar-profile@2x.png"; sourceTree = SOURCE_ROOT; };
		6A4E2605165C8DD900E727B1 /* KAShareNavigationController.h */ = {isa = PBXFileReference; fileEncoding = 4; lastKnownFileType = sourcecode.c.h; name = KAShareNavigationController.h; path = Source/KAShareNavigationController.h; sourceTree = "<group>"; };
		6A4E2606165C8DD900E727B1 /* KAShareNavigationController.m */ = {isa = PBXFileReference; fileEncoding = 4; lastKnownFileType = sourcecode.c.objc; name = KAShareNavigationController.m; path = Source/KAShareNavigationController.m; sourceTree = "<group>"; };
		6A4E2609165D58A900E727B1 /* AFHTTPClient.h */ = {isa = PBXFileReference; fileEncoding = 4; lastKnownFileType = sourcecode.c.h; path = AFHTTPClient.h; sourceTree = "<group>"; };
		6A4E260A165D58A900E727B1 /* AFHTTPClient.m */ = {isa = PBXFileReference; fileEncoding = 4; lastKnownFileType = sourcecode.c.objc; path = AFHTTPClient.m; sourceTree = "<group>"; };
		6A4E260B165D58A900E727B1 /* AFHTTPRequestOperation.h */ = {isa = PBXFileReference; fileEncoding = 4; lastKnownFileType = sourcecode.c.h; path = AFHTTPRequestOperation.h; sourceTree = "<group>"; };
		6A4E260C165D58A900E727B1 /* AFHTTPRequestOperation.m */ = {isa = PBXFileReference; fileEncoding = 4; lastKnownFileType = sourcecode.c.objc; path = AFHTTPRequestOperation.m; sourceTree = "<group>"; };
		6A4E260D165D58A900E727B1 /* AFImageRequestOperation.h */ = {isa = PBXFileReference; fileEncoding = 4; lastKnownFileType = sourcecode.c.h; path = AFImageRequestOperation.h; sourceTree = "<group>"; };
		6A4E260E165D58A900E727B1 /* AFImageRequestOperation.m */ = {isa = PBXFileReference; fileEncoding = 4; lastKnownFileType = sourcecode.c.objc; path = AFImageRequestOperation.m; sourceTree = "<group>"; };
		6A4E260F165D58A900E727B1 /* AFJSONRequestOperation.h */ = {isa = PBXFileReference; fileEncoding = 4; lastKnownFileType = sourcecode.c.h; path = AFJSONRequestOperation.h; sourceTree = "<group>"; };
		6A4E2610165D58A900E727B1 /* AFJSONRequestOperation.m */ = {isa = PBXFileReference; fileEncoding = 4; lastKnownFileType = sourcecode.c.objc; path = AFJSONRequestOperation.m; sourceTree = "<group>"; };
		6A4E2611165D58A900E727B1 /* AFNetworkActivityIndicatorManager.h */ = {isa = PBXFileReference; fileEncoding = 4; lastKnownFileType = sourcecode.c.h; path = AFNetworkActivityIndicatorManager.h; sourceTree = "<group>"; };
		6A4E2612165D58A900E727B1 /* AFNetworkActivityIndicatorManager.m */ = {isa = PBXFileReference; fileEncoding = 4; lastKnownFileType = sourcecode.c.objc; path = AFNetworkActivityIndicatorManager.m; sourceTree = "<group>"; };
		6A4E2613165D58A900E727B1 /* AFNetworking.h */ = {isa = PBXFileReference; fileEncoding = 4; lastKnownFileType = sourcecode.c.h; path = AFNetworking.h; sourceTree = "<group>"; };
		6A4E2614165D58A900E727B1 /* AFPropertyListRequestOperation.h */ = {isa = PBXFileReference; fileEncoding = 4; lastKnownFileType = sourcecode.c.h; path = AFPropertyListRequestOperation.h; sourceTree = "<group>"; };
		6A4E2615165D58A900E727B1 /* AFPropertyListRequestOperation.m */ = {isa = PBXFileReference; fileEncoding = 4; lastKnownFileType = sourcecode.c.objc; path = AFPropertyListRequestOperation.m; sourceTree = "<group>"; };
		6A4E2616165D58A900E727B1 /* AFURLConnectionOperation.h */ = {isa = PBXFileReference; fileEncoding = 4; lastKnownFileType = sourcecode.c.h; path = AFURLConnectionOperation.h; sourceTree = "<group>"; };
		6A4E2617165D58A900E727B1 /* AFURLConnectionOperation.m */ = {isa = PBXFileReference; fileEncoding = 4; lastKnownFileType = sourcecode.c.objc; path = AFURLConnectionOperation.m; sourceTree = "<group>"; };
		6A4E2618165D58A900E727B1 /* AFXMLRequestOperation.h */ = {isa = PBXFileReference; fileEncoding = 4; lastKnownFileType = sourcecode.c.h; path = AFXMLRequestOperation.h; sourceTree = "<group>"; };
		6A4E2619165D58A900E727B1 /* AFXMLRequestOperation.m */ = {isa = PBXFileReference; fileEncoding = 4; lastKnownFileType = sourcecode.c.objc; path = AFXMLRequestOperation.m; sourceTree = "<group>"; };
		6A4E261A165D58A900E727B1 /* UIImageView+AFNetworking.h */ = {isa = PBXFileReference; fileEncoding = 4; lastKnownFileType = sourcecode.c.h; path = "UIImageView+AFNetworking.h"; sourceTree = "<group>"; };
		6A4E261B165D58A900E727B1 /* UIImageView+AFNetworking.m */ = {isa = PBXFileReference; fileEncoding = 4; lastKnownFileType = sourcecode.c.objc; path = "UIImageView+AFNetworking.m"; sourceTree = "<group>"; };
		6A4E2625165D628000E727B1 /* MBProgressHUD.h */ = {isa = PBXFileReference; lastKnownFileType = sourcecode.c.h; path = MBProgressHUD.h; sourceTree = "<group>"; };
		6A4E2626165D628000E727B1 /* MBProgressHUD.m */ = {isa = PBXFileReference; lastKnownFileType = sourcecode.c.objc; path = MBProgressHUD.m; sourceTree = "<group>"; };
		6A4E2629165D646E00E727B1 /* KAMeal.h */ = {isa = PBXFileReference; fileEncoding = 4; lastKnownFileType = sourcecode.c.h; name = KAMeal.h; path = ../Source/KAMeal.h; sourceTree = "<group>"; };
		6A4E262A165D646F00E727B1 /* KAMeal.m */ = {isa = PBXFileReference; fileEncoding = 4; lastKnownFileType = sourcecode.c.objc; name = KAMeal.m; path = ../Source/KAMeal.m; sourceTree = "<group>"; };
		6AF51621166068260083C3F9 /* KAProfileViewController.h */ = {isa = PBXFileReference; fileEncoding = 4; lastKnownFileType = sourcecode.c.h; name = KAProfileViewController.h; path = Source/KAProfileViewController.h; sourceTree = SOURCE_ROOT; };
		6AF51622166068260083C3F9 /* KAProfileViewController.m */ = {isa = PBXFileReference; fileEncoding = 4; lastKnownFileType = sourcecode.c.objc; name = KAProfileViewController.m; path = Source/KAProfileViewController.m; sourceTree = SOURCE_ROOT; };
		6AFE2C07165E7EF700BB64A6 /* SSPullToRefresh.h */ = {isa = PBXFileReference; fileEncoding = 4; lastKnownFileType = sourcecode.c.h; path = SSPullToRefresh.h; sourceTree = "<group>"; };
		6AFE2C08165E7EF700BB64A6 /* SSPullToRefreshDefaultContentView.h */ = {isa = PBXFileReference; fileEncoding = 4; lastKnownFileType = sourcecode.c.h; path = SSPullToRefreshDefaultContentView.h; sourceTree = "<group>"; };
		6AFE2C09165E7EF700BB64A6 /* SSPullToRefreshDefaultContentView.m */ = {isa = PBXFileReference; fileEncoding = 4; lastKnownFileType = sourcecode.c.objc; path = SSPullToRefreshDefaultContentView.m; sourceTree = "<group>"; };
		6AFE2C0A165E7EF700BB64A6 /* SSPullToRefreshSimpleContentView.h */ = {isa = PBXFileReference; fileEncoding = 4; lastKnownFileType = sourcecode.c.h; path = SSPullToRefreshSimpleContentView.h; sourceTree = "<group>"; };
		6AFE2C0B165E7EF700BB64A6 /* SSPullToRefreshSimpleContentView.m */ = {isa = PBXFileReference; fileEncoding = 4; lastKnownFileType = sourcecode.c.objc; path = SSPullToRefreshSimpleContentView.m; sourceTree = "<group>"; };
		6AFE2C0C165E7EF700BB64A6 /* SSPullToRefreshView.h */ = {isa = PBXFileReference; fileEncoding = 4; lastKnownFileType = sourcecode.c.h; path = SSPullToRefreshView.h; sourceTree = "<group>"; };
		6AFE2C0D165E7EF700BB64A6 /* SSPullToRefreshView.m */ = {isa = PBXFileReference; fileEncoding = 4; lastKnownFileType = sourcecode.c.objc; path = SSPullToRefreshView.m; sourceTree = "<group>"; };
		6AFE2C121660130B00BB64A6 /* KALoginViewController.h */ = {isa = PBXFileReference; fileEncoding = 4; lastKnownFileType = sourcecode.c.h; name = KALoginViewController.h; path = Source/KALoginViewController.h; sourceTree = "<group>"; };
		6AFE2C131660130C00BB64A6 /* KALoginViewController.m */ = {isa = PBXFileReference; fileEncoding = 4; lastKnownFileType = sourcecode.c.objc; name = KALoginViewController.m; path = Source/KALoginViewController.m; sourceTree = "<group>"; };
		6AFE2C181660446A00BB64A6 /* SSKeychain.h */ = {isa = PBXFileReference; fileEncoding = 4; lastKnownFileType = sourcecode.c.h; path = SSKeychain.h; sourceTree = "<group>"; };
		6AFE2C191660446A00BB64A6 /* SSKeychain.m */ = {isa = PBXFileReference; fileEncoding = 4; lastKnownFileType = sourcecode.c.objc; path = SSKeychain.m; sourceTree = "<group>"; };
		6AFE2C1C166044B600BB64A6 /* KACredentialStore.h */ = {isa = PBXFileReference; fileEncoding = 4; lastKnownFileType = sourcecode.c.h; name = KACredentialStore.h; path = Source/KACredentialStore.h; sourceTree = "<group>"; };
		6AFE2C1D166044B600BB64A6 /* KACredentialStore.m */ = {isa = PBXFileReference; fileEncoding = 4; lastKnownFileType = sourcecode.c.objc; name = KACredentialStore.m; path = Source/KACredentialStore.m; sourceTree = "<group>"; };
		6AFE2C1F1660474300BB64A6 /* AuthAPIClient.h */ = {isa = PBXFileReference; fileEncoding = 4; lastKnownFileType = sourcecode.c.h; name = AuthAPIClient.h; path = Source/AuthAPIClient.h; sourceTree = "<group>"; };
		6AFE2C201660474300BB64A6 /* AuthAPIClient.m */ = {isa = PBXFileReference; fileEncoding = 4; lastKnownFileType = sourcecode.c.objc; name = AuthAPIClient.m; path = Source/AuthAPIClient.m; sourceTree = "<group>"; };
		6AFE2C221660538500BB64A6 /* Security.framework */ = {isa = PBXFileReference; lastKnownFileType = wrapper.framework; name = Security.framework; path = System/Library/Frameworks/Security.framework; sourceTree = SDKROOT; };
/* End PBXFileReference section */

/* Begin PBXFrameworksBuildPhase section */
		6A4E259A165C443F00E727B1 /* Frameworks */ = {
			isa = PBXFrameworksBuildPhase;
			buildActionMask = 2147483647;
			files = (
				6AFE2C231660538500BB64A6 /* Security.framework in Frameworks */,
				6A4E25A2165C443F00E727B1 /* UIKit.framework in Frameworks */,
				6A4E25A4165C443F00E727B1 /* Foundation.framework in Frameworks */,
				6A4E25A6165C443F00E727B1 /* CoreGraphics.framework in Frameworks */,
			);
			runOnlyForDeploymentPostprocessing = 0;
		};
/* End PBXFrameworksBuildPhase section */

/* Begin PBXGroup section */
		6A4E2592165C443F00E727B1 = {
			isa = PBXGroup;
			children = (
				6AFE2C161660446A00BB64A6 /* SSKeychain */,
				6AFE2C06165E7EF700BB64A6 /* SSPullToRefresh */,
				6A4E2627165D628300E727B1 /* MBProgressHUD */,
				6A4E2608165D58A900E727B1 /* AFNetworking */,
				6A4E25A7165C443F00E727B1 /* Kale */,
				6A4E25A0165C443F00E727B1 /* Frameworks */,
				6A4E259E165C443F00E727B1 /* Products */,
			);
			sourceTree = "<group>";
		};
		6A4E259E165C443F00E727B1 /* Products */ = {
			isa = PBXGroup;
			children = (
				6A4E259D165C443F00E727B1 /* Kale.app */,
			);
			name = Products;
			sourceTree = "<group>";
		};
		6A4E25A0165C443F00E727B1 /* Frameworks */ = {
			isa = PBXGroup;
			children = (
				6AFE2C221660538500BB64A6 /* Security.framework */,
				6A4E25A1165C443F00E727B1 /* UIKit.framework */,
				6A4E25A3165C443F00E727B1 /* Foundation.framework */,
				6A4E25A5165C443F00E727B1 /* CoreGraphics.framework */,
			);
			name = Frameworks;
			sourceTree = "<group>";
		};
		6A4E25A7165C443F00E727B1 /* Kale */ = {
			isa = PBXGroup;
			children = (
				6A4E262C165D647600E727B1 /* Models */,
				6A4E25D2165C7B6B00E727B1 /* Views */,
				6A4E25C3165C44C300E727B1 /* Controllers */,
				6A4E25BE165C446700E727B1 /* MainStoryboard.storyboard */,
				6A4E25B0165C443F00E727B1 /* KAAppDelegate.h */,
				6A4E25B1165C443F00E727B1 /* KAAppDelegate.m */,
				6A4E25D1165C46D100E727B1 /* Resources */,
				6A4E25A8165C443F00E727B1 /* Supporting Files */,
			);
			path = Kale;
			sourceTree = "<group>";
		};
		6A4E25A8165C443F00E727B1 /* Supporting Files */ = {
			isa = PBXGroup;
			children = (
				6A4E25A9165C443F00E727B1 /* Kale-Info.plist */,
				6A4E25AA165C443F00E727B1 /* InfoPlist.strings */,
				6A4E25AD165C443F00E727B1 /* main.m */,
				6A4E25AF165C443F00E727B1 /* Kale-Prefix.pch */,
				6A4E25B3165C443F00E727B1 /* Default.png */,
				6A4E25B5165C443F00E727B1 /* Default@2x.png */,
				6A4E25B7165C443F00E727B1 /* Default-568h@2x.png */,
			);
			name = "Supporting Files";
			sourceTree = "<group>";
		};
		6A4E25C3165C44C300E727B1 /* Controllers */ = {
			isa = PBXGroup;
			children = (
				6A4E262D165D653800E727B1 /* Profile */,
				6A4E2604165C8DAD00E727B1 /* Share Meal Process */,
				6A4E25D9165C7CA500E727B1 /* Global Feed */,
				6AFE2C151660131400BB64A6 /* Login */,
			);
			name = Controllers;
			path = ..;
			sourceTree = "<group>";
		};
		6A4E25D1165C46D100E727B1 /* Resources */ = {
			isa = PBXGroup;
			children = (
				6A4E25DD165C827600E727B1 /* Icon.png */,
				6A4E25DE165C827600E727B1 /* Icon@2x.png */,
				6A4E25DF165C827600E727B1 /* nav-backbutton.png */,
				6A4E25E0165C827600E727B1 /* nav-backbutton@2x.png */,
				6A4E25E1165C827600E727B1 /* navigationbar.png */,
				6A4E25E2165C827600E727B1 /* navigationbar@2x.png */,
				6A4E25E9165C847F00E727B1 /* tabbar-background-pressed.png */,
				6A4E25EA165C847F00E727B1 /* tabbar-background-pressed@2x.png */,
				6A4E25EB165C847F00E727B1 /* tabbar-background.png */,
				6A4E25EC165C847F00E727B1 /* tabbar-background@2x.png */,
				6A4E25F4165C89A700E727B1 /* tabbar-global-selected.png */,
				6A4E25F5165C89A700E727B1 /* tabbar-global-selected@2x.png */,
				6A4E25F6165C89A700E727B1 /* tabbar-global.png */,
				6A4E25F7165C89A700E727B1 /* tabbar-global@2x.png */,
				6A4E25F8165C89A700E727B1 /* tabbar-profile-selected.png */,
				6A4E25F9165C89A700E727B1 /* tabbar-profile-selected@2x.png */,
				6A4E25FA165C89A700E727B1 /* tabbar-profile.png */,
				6A4E25FB165C89A700E727B1 /* tabbar-profile@2x.png */,
			);
			name = Resources;
			sourceTree = "<group>";
		};
		6A4E25D2165C7B6B00E727B1 /* Views */ = {
			isa = PBXGroup;
			children = (
				6A4E25D3165C7B9500E727B1 /* KAMainNavigationBar.h */,
				6A4E25D4165C7B9500E727B1 /* KAMainNavigationBar.m */,
				6A4E25F1165C84B200E727B1 /* KATabBar.h */,
				6A4E25F2165C84B200E727B1 /* KATabBar.m */,
			);
			name = Views;
			sourceTree = "<group>";
		};
		6A4E25D9165C7CA500E727B1 /* Global Feed */ = {
			isa = PBXGroup;
			children = (
				6A4E25CA165C456600E727B1 /* KAFeedNavigationController.h */,
				6A4E25CB165C456600E727B1 /* KAFeedNavigationController.m */,
				6A4E25D6165C7C9800E727B1 /* KAFeedTableViewController.h */,
				6A4E25D7165C7C9800E727B1 /* KAFeedTableViewController.m */,
				6A4E25DA165C7D7700E727B1 /* KAMealViewController.h */,
				6A4E25DB165C7D7700E727B1 /* KAMealViewController.m */,
			);
			name = "Global Feed";
			sourceTree = "<group>";
		};
		6A4E2604165C8DAD00E727B1 /* Share Meal Process */ = {
			isa = PBXGroup;
			children = (
				6A4E25C4165C450600E727B1 /* ShareViewController.h */,
				6A4E25C5165C450600E727B1 /* ShareViewController.m */,
				6A4E2605165C8DD900E727B1 /* KAShareNavigationController.h */,
				6A4E2606165C8DD900E727B1 /* KAShareNavigationController.m */,
			);
			name = "Share Meal Process";
			sourceTree = "<group>";
		};
		6A4E2608165D58A900E727B1 /* AFNetworking */ = {
			isa = PBXGroup;
			children = (
				6A4E2609165D58A900E727B1 /* AFHTTPClient.h */,
				6A4E260A165D58A900E727B1 /* AFHTTPClient.m */,
				6A4E260B165D58A900E727B1 /* AFHTTPRequestOperation.h */,
				6A4E260C165D58A900E727B1 /* AFHTTPRequestOperation.m */,
				6A4E260D165D58A900E727B1 /* AFImageRequestOperation.h */,
				6A4E260E165D58A900E727B1 /* AFImageRequestOperation.m */,
				6A4E260F165D58A900E727B1 /* AFJSONRequestOperation.h */,
				6A4E2610165D58A900E727B1 /* AFJSONRequestOperation.m */,
				6A4E2611165D58A900E727B1 /* AFNetworkActivityIndicatorManager.h */,
				6A4E2612165D58A900E727B1 /* AFNetworkActivityIndicatorManager.m */,
				6A4E2613165D58A900E727B1 /* AFNetworking.h */,
				6A4E2614165D58A900E727B1 /* AFPropertyListRequestOperation.h */,
				6A4E2615165D58A900E727B1 /* AFPropertyListRequestOperation.m */,
				6A4E2616165D58A900E727B1 /* AFURLConnectionOperation.h */,
				6A4E2617165D58A900E727B1 /* AFURLConnectionOperation.m */,
				6A4E2618165D58A900E727B1 /* AFXMLRequestOperation.h */,
				6A4E2619165D58A900E727B1 /* AFXMLRequestOperation.m */,
				6A4E261A165D58A900E727B1 /* UIImageView+AFNetworking.h */,
				6A4E261B165D58A900E727B1 /* UIImageView+AFNetworking.m */,
			);
			path = AFNetworking;
			sourceTree = "<group>";
		};
		6A4E2627165D628300E727B1 /* MBProgressHUD */ = {
			isa = PBXGroup;
			children = (
				6A4E2625165D628000E727B1 /* MBProgressHUD.h */,
				6A4E2626165D628000E727B1 /* MBProgressHUD.m */,
			);
			name = MBProgressHUD;
			sourceTree = "<group>";
		};
		6A4E262C165D647600E727B1 /* Models */ = {
			isa = PBXGroup;
			children = (
				6A4E2629165D646E00E727B1 /* KAMeal.h */,
				6A4E262A165D646F00E727B1 /* KAMeal.m */,
			);
			name = Models;
			sourceTree = "<group>";
		};
		6A4E262D165D653800E727B1 /* Profile */ = {
			isa = PBXGroup;
			children = (
				6A4E25C7165C454500E727B1 /* KAProfileNavigationController.h */,
				6A4E25C8165C454500E727B1 /* KAProfileNavigationController.m */,
				6AF51621166068260083C3F9 /* KAProfileViewController.h */,
				6AF51622166068260083C3F9 /* KAProfileViewController.m */,
			);
			name = Profile;
			path = Kale;
			sourceTree = "<group>";
		};
		6AFE2C06165E7EF700BB64A6 /* SSPullToRefresh */ = {
			isa = PBXGroup;
			children = (
				6AFE2C07165E7EF700BB64A6 /* SSPullToRefresh.h */,
				6AFE2C08165E7EF700BB64A6 /* SSPullToRefreshDefaultContentView.h */,
				6AFE2C09165E7EF700BB64A6 /* SSPullToRefreshDefaultContentView.m */,
				6AFE2C0A165E7EF700BB64A6 /* SSPullToRefreshSimpleContentView.h */,
				6AFE2C0B165E7EF700BB64A6 /* SSPullToRefreshSimpleContentView.m */,
				6AFE2C0C165E7EF700BB64A6 /* SSPullToRefreshView.h */,
				6AFE2C0D165E7EF700BB64A6 /* SSPullToRefreshView.m */,
			);
			path = SSPullToRefresh;
			sourceTree = "<group>";
		};
		6AFE2C151660131400BB64A6 /* Login */ = {
			isa = PBXGroup;
			children = (
				6AFE2C121660130B00BB64A6 /* KALoginViewController.h */,
				6AFE2C131660130C00BB64A6 /* KALoginViewController.m */,
				6AFE2C1F1660474300BB64A6 /* AuthAPIClient.h */,
				6AFE2C201660474300BB64A6 /* AuthAPIClient.m */,
				6AFE2C1C166044B600BB64A6 /* KACredentialStore.h */,
				6AFE2C1D166044B600BB64A6 /* KACredentialStore.m */,
			);
			name = Login;
			sourceTree = "<group>";
		};
		6AFE2C161660446A00BB64A6 /* SSKeychain */ = {
			isa = PBXGroup;
			children = (
				6AFE2C181660446A00BB64A6 /* SSKeychain.h */,
				6AFE2C191660446A00BB64A6 /* SSKeychain.m */,
			);
			path = SSKeychain;
			sourceTree = "<group>";
		};
/* End PBXGroup section */

/* Begin PBXNativeTarget section */
		6A4E259C165C443F00E727B1 /* Kale */ = {
			isa = PBXNativeTarget;
			buildConfigurationList = 6A4E25BB165C443F00E727B1 /* Build configuration list for PBXNativeTarget "Kale" */;
			buildPhases = (
				6A4E2599165C443F00E727B1 /* Sources */,
				6A4E259A165C443F00E727B1 /* Frameworks */,
				6A4E259B165C443F00E727B1 /* Resources */,
			);
			buildRules = (
			);
			dependencies = (
			);
			name = Kale;
			productName = Kale;
			productReference = 6A4E259D165C443F00E727B1 /* Kale.app */;
			productType = "com.apple.product-type.application";
		};
/* End PBXNativeTarget section */

/* Begin PBXProject section */
		6A4E2594165C443F00E727B1 /* Project object */ = {
			isa = PBXProject;
			attributes = {
				CLASSPREFIX = KA;
				LastUpgradeCheck = 0450;
				ORGANIZATIONNAME = Enchant;
			};
			buildConfigurationList = 6A4E2597165C443F00E727B1 /* Build configuration list for PBXProject "Kale" */;
			compatibilityVersion = "Xcode 3.2";
			developmentRegion = English;
			hasScannedForEncodings = 0;
			knownRegions = (
				en,
			);
			mainGroup = 6A4E2592165C443F00E727B1;
			productRefGroup = 6A4E259E165C443F00E727B1 /* Products */;
			projectDirPath = "";
			projectRoot = "";
			targets = (
				6A4E259C165C443F00E727B1 /* Kale */,
			);
		};
/* End PBXProject section */

/* Begin PBXResourcesBuildPhase section */
		6A4E259B165C443F00E727B1 /* Resources */ = {
			isa = PBXResourcesBuildPhase;
			buildActionMask = 2147483647;
			files = (
				6A4E25AC165C443F00E727B1 /* InfoPlist.strings in Resources */,
				6A4E25B4165C443F00E727B1 /* Default.png in Resources */,
				6A4E25B6165C443F00E727B1 /* Default@2x.png in Resources */,
				6A4E25B8165C443F00E727B1 /* Default-568h@2x.png in Resources */,
				6A4E25BF165C446700E727B1 /* MainStoryboard.storyboard in Resources */,
				6A4E25E3165C827600E727B1 /* Icon.png in Resources */,
				6A4E25E4165C827600E727B1 /* Icon@2x.png in Resources */,
				6A4E25E5165C827600E727B1 /* nav-backbutton.png in Resources */,
				6A4E25E6165C827600E727B1 /* nav-backbutton@2x.png in Resources */,
				6A4E25E7165C827600E727B1 /* navigationbar.png in Resources */,
				6A4E25E8165C827600E727B1 /* navigationbar@2x.png in Resources */,
				6A4E25ED165C847F00E727B1 /* tabbar-background-pressed.png in Resources */,
				6A4E25EE165C847F00E727B1 /* tabbar-background-pressed@2x.png in Resources */,
				6A4E25EF165C847F00E727B1 /* tabbar-background.png in Resources */,
				6A4E25F0165C847F00E727B1 /* tabbar-background@2x.png in Resources */,
				6A4E25FC165C89A700E727B1 /* tabbar-global-selected.png in Resources */,
				6A4E25FD165C89A700E727B1 /* tabbar-global-selected@2x.png in Resources */,
				6A4E25FE165C89A700E727B1 /* tabbar-global.png in Resources */,
				6A4E25FF165C89A700E727B1 /* tabbar-global@2x.png in Resources */,
				6A4E2600165C89A700E727B1 /* tabbar-profile-selected.png in Resources */,
				6A4E2601165C89A700E727B1 /* tabbar-profile-selected@2x.png in Resources */,
				6A4E2602165C89A700E727B1 /* tabbar-profile.png in Resources */,
				6A4E2603165C89A700E727B1 /* tabbar-profile@2x.png in Resources */,
			);
			runOnlyForDeploymentPostprocessing = 0;
		};
/* End PBXResourcesBuildPhase section */

/* Begin PBXSourcesBuildPhase section */
		6A4E2599165C443F00E727B1 /* Sources */ = {
			isa = PBXSourcesBuildPhase;
			buildActionMask = 2147483647;
			files = (
				6A4E25AE165C443F00E727B1 /* main.m in Sources */,
				6A4E25B2165C443F00E727B1 /* KAAppDelegate.m in Sources */,
				6AFE2C1B1660446A00BB64A6 /* SSKeychain.m in Sources */,
				6AFE2C1E166044B600BB64A6 /* KACredentialStore.m in Sources */,
				6AFE2C211660474300BB64A6 /* AuthAPIClient.m in Sources */,
				6A4E261C165D58A900E727B1 /* AFHTTPClient.m in Sources */,
				6A4E261D165D58A900E727B1 /* AFHTTPRequestOperation.m in Sources */,
				6A4E261E165D58A900E727B1 /* AFImageRequestOperation.m in Sources */,
				6A4E261F165D58A900E727B1 /* AFJSONRequestOperation.m in Sources */,
				6A4E2620165D58A900E727B1 /* AFNetworkActivityIndicatorManager.m in Sources */,
				6A4E2621165D58A900E727B1 /* AFPropertyListRequestOperation.m in Sources */,
				6A4E2622165D58A900E727B1 /* AFURLConnectionOperation.m in Sources */,
				6A4E2623165D58A900E727B1 /* AFXMLRequestOperation.m in Sources */,
				6A4E2624165D58A900E727B1 /* UIImageView+AFNetworking.m in Sources */,
				6A4E2628165D63B500E727B1 /* MBProgressHUD.m in Sources */,
				6AFE2C141660130C00BB64A6 /* KALoginViewController.m in Sources */,
				6A4E25C6165C450600E727B1 /* ShareViewController.m in Sources */,
				6A4E25C9165C454500E727B1 /* KAProfileNavigationController.m in Sources */,
				6A4E25CC165C456600E727B1 /* KAFeedNavigationController.m in Sources */,
				6A4E25D5165C7B9500E727B1 /* KAMainNavigationBar.m in Sources */,
				6A4E25D8165C7C9800E727B1 /* KAFeedTableViewController.m in Sources */,
				6A4E25DC165C7D7700E727B1 /* KAMealViewController.m in Sources */,
				6A4E25F3165C84B200E727B1 /* KATabBar.m in Sources */,
				6A4E2607165C8DD900E727B1 /* KAShareNavigationController.m in Sources */,
				6A4E262B165D646F00E727B1 /* KAMeal.m in Sources */,
				6AFE2C0E165E7EF700BB64A6 /* SSPullToRefreshDefaultContentView.m in Sources */,
				6AFE2C0F165E7EF700BB64A6 /* SSPullToRefreshSimpleContentView.m in Sources */,
				6AFE2C10165E7EF700BB64A6 /* SSPullToRefreshView.m in Sources */,
				6AF51623166068260083C3F9 /* KAProfileViewController.m in Sources */,
			);
			runOnlyForDeploymentPostprocessing = 0;
		};
/* End PBXSourcesBuildPhase section */

/* Begin PBXVariantGroup section */
		6A4E25AA165C443F00E727B1 /* InfoPlist.strings */ = {
			isa = PBXVariantGroup;
			children = (
				6A4E25AB165C443F00E727B1 /* en */,
			);
			name = InfoPlist.strings;
			sourceTree = "<group>";
		};
/* End PBXVariantGroup section */

/* Begin XCBuildConfiguration section */
		6A4E25B9165C443F00E727B1 /* Debug */ = {
			isa = XCBuildConfiguration;
			buildSettings = {
				ALWAYS_SEARCH_USER_PATHS = NO;
				CLANG_CXX_LANGUAGE_STANDARD = "gnu++0x";
				CLANG_CXX_LIBRARY = "libc++";
				CLANG_ENABLE_OBJC_ARC = YES;
				CLANG_WARN_EMPTY_BODY = YES;
				CLANG_WARN__DUPLICATE_METHOD_MATCH = YES;
				"CODE_SIGN_IDENTITY[sdk=iphoneos*]" = "iPhone Developer";
				COPY_PHASE_STRIP = NO;
				GCC_C_LANGUAGE_STANDARD = gnu99;
				GCC_DYNAMIC_NO_PIC = NO;
				GCC_OPTIMIZATION_LEVEL = 0;
				GCC_PREPROCESSOR_DEFINITIONS = (
					"DEBUG=1",
					"$(inherited)",
				);
				GCC_SYMBOLS_PRIVATE_EXTERN = NO;
				GCC_WARN_ABOUT_RETURN_TYPE = YES;
				GCC_WARN_UNINITIALIZED_AUTOS = YES;
				GCC_WARN_UNUSED_VARIABLE = YES;
				IPHONEOS_DEPLOYMENT_TARGET = 6.0;
				ONLY_ACTIVE_ARCH = YES;
				SDKROOT = iphoneos;
			};
			name = Debug;
		};
		6A4E25BA165C443F00E727B1 /* Release */ = {
			isa = XCBuildConfiguration;
			buildSettings = {
				ALWAYS_SEARCH_USER_PATHS = NO;
				CLANG_CXX_LANGUAGE_STANDARD = "gnu++0x";
				CLANG_CXX_LIBRARY = "libc++";
				CLANG_ENABLE_OBJC_ARC = YES;
				CLANG_WARN_EMPTY_BODY = YES;
				CLANG_WARN__DUPLICATE_METHOD_MATCH = YES;
				"CODE_SIGN_IDENTITY[sdk=iphoneos*]" = "iPhone Developer";
				COPY_PHASE_STRIP = YES;
				GCC_C_LANGUAGE_STANDARD = gnu99;
				GCC_WARN_ABOUT_RETURN_TYPE = YES;
				GCC_WARN_UNINITIALIZED_AUTOS = YES;
				GCC_WARN_UNUSED_VARIABLE = YES;
				IPHONEOS_DEPLOYMENT_TARGET = 6.0;
				OTHER_CFLAGS = "-DNS_BLOCK_ASSERTIONS=1";
				SDKROOT = iphoneos;
				VALIDATE_PRODUCT = YES;
			};
			name = Release;
		};
		6A4E25BC165C443F00E727B1 /* Debug */ = {
			isa = XCBuildConfiguration;
			buildSettings = {
				GCC_PRECOMPILE_PREFIX_HEADER = YES;
				GCC_PREFIX_HEADER = "Kale/Kale-Prefix.pch";
				INFOPLIST_FILE = "Kale/Kale-Info.plist";
				PRODUCT_NAME = "$(TARGET_NAME)";
				WRAPPER_EXTENSION = app;
			};
			name = Debug;
		};
		6A4E25BD165C443F00E727B1 /* Release */ = {
			isa = XCBuildConfiguration;
			buildSettings = {
				GCC_PRECOMPILE_PREFIX_HEADER = YES;
				GCC_PREFIX_HEADER = "Kale/Kale-Prefix.pch";
				INFOPLIST_FILE = "Kale/Kale-Info.plist";
				PRODUCT_NAME = "$(TARGET_NAME)";
				WRAPPER_EXTENSION = app;
			};
			name = Release;
		};
/* End XCBuildConfiguration section */

/* Begin XCConfigurationList section */
		6A4E2597165C443F00E727B1 /* Build configuration list for PBXProject "Kale" */ = {
			isa = XCConfigurationList;
			buildConfigurations = (
				6A4E25B9165C443F00E727B1 /* Debug */,
				6A4E25BA165C443F00E727B1 /* Release */,
			);
			defaultConfigurationIsVisible = 0;
			defaultConfigurationName = Release;
		};
		6A4E25BB165C443F00E727B1 /* Build configuration list for PBXNativeTarget "Kale" */ = {
			isa = XCConfigurationList;
			buildConfigurations = (
				6A4E25BC165C443F00E727B1 /* Debug */,
				6A4E25BD165C443F00E727B1 /* Release */,
			);
			defaultConfigurationIsVisible = 0;
			defaultConfigurationName = Release;
		};
/* End XCConfigurationList section */
	};
	rootObject = 6A4E2594165C443F00E727B1 /* Project object */;
}
